
Microsoft Visual Studio Solution File, Format Version 12.00
# Visual Studio Version 17
VisualStudioVersion = 17.11.35327.3
MinimumVisualStudioVersion = 10.0.40219.1
Project("{FAE04EC0-301F-11D3-BF4B-00C04F79EFBC}") = "Coolshop-BackendTest", "Coolshop-BackendTest\Coolshop-BackendTest.csproj", "{46D34BFA-CD40-41C2-87A5-984B1AD48501}"
EndProject
Global
	GlobalSection(SolutionConfigurationPlatforms) = preSolution
		Debug|Any CPU = Debug|Any CPU
		Release|Any CPU = Release|Any CPU
	EndGlobalSection
	GlobalSection(ProjectConfigurationPlatforms) = postSolution
		{46D34BFA-CD40-41C2-87A5-984B1AD48501}.Debug|Any CPU.ActiveCfg = Debug|Any CPU
		{46D34BFA-CD40-41C2-87A5-984B1AD48501}.Debug|Any CPU.Build.0 = Debug|Any CPU
		{46D34BFA-CD40-41C2-87A5-984B1AD48501}.Release|Any CPU.ActiveCfg = Release|Any CPU
		{46D34BFA-CD40-41C2-87A5-984B1AD48501}.Release|Any CPU.Build.0 = Release|Any CPU
	EndGlobalSection
	GlobalSection(SolutionProperties) = preSolution
		HideSolutionNode = FALSE
	EndGlobalSection
	GlobalSection(ExtensibilityGlobals) = postSolution
		SolutionGuid = {99E9D5A7-3D0F-4288-9E56-117D6DF17F0A}
	EndGlobalSection
EndGlobal
